
Microsoft Visual Studio Solution File, Format Version 12.00
# Visual Studio Version 17
VisualStudioVersion = 17.3.32811.315
MinimumVisualStudioVersion = 10.0.40219.1
Project("{2150E333-8FDC-42A3-9474-1A3956D46DE8}") = "Services", "Services", "{933C68DC-BC3B-48EA-B158-300839B6684F}"
EndProject
Project("{2150E333-8FDC-42A3-9474-1A3956D46DE8}") = "Catalog", "Catalog", "{D327CE1A-6F4F-4B6A-BF22-F933B907CE8A}"
EndProject
Project("{9A19103F-16F7-4668-BE54-9A1E7A4F7556}") = "Catalog.API", "Catalog.API\Catalog.API.csproj", "{F22F4D14-3D62-426E-9ABA-82293FD8B391}"
EndProject
Project("{9A19103F-16F7-4668-BE54-9A1E7A4F7556}") = "Catalog.Domain", "Catalog.Domain\Catalog.Domain.csproj", "{CD6AFF68-3489-4E8C-8F3F-BDB8798D71DE}"
EndProject
Project("{9A19103F-16F7-4668-BE54-9A1E7A4F7556}") = "Catalog.Infrastructure", "Catalog.Infrastructure\Catalog.Infrastructure.csproj", "{B0E005E3-936E-474B-BD7D-E8A428A97C56}"
EndProject
Project("{9A19103F-16F7-4668-BE54-9A1E7A4F7556}") = "Catalog.Application", "Catalog.Application\Catalog.Application.csproj", "{6066357F-A470-4F9B-8A76-BD1BD50B1708}"
EndProject
Project("{E53339B2-1760-4266-BCC7-CA923CBCF16C}") = "docker-compose", "docker-compose.dcproj", "{F3767703-FB60-4C09-83E0-C5124390A97D}"
EndProject
Project("{2150E333-8FDC-42A3-9474-1A3956D46DE8}") = "Basket", "Basket", "{6F9BF3C8-E937-4B57-861A-05682DB35EB4}"
EndProject
Project("{9A19103F-16F7-4668-BE54-9A1E7A4F7556}") = "Basket.API", "Basket.API\Basket.API.csproj", "{875924E3-0CB6-46CD-861B-65E2CA616AF0}"
EndProject
Project("{9A19103F-16F7-4668-BE54-9A1E7A4F7556}") = "Basket.Application", "Basket.Application\Basket.Application.csproj", "{F5544771-5F6B-4259-BF54-8AA59BD19F9E}"
EndProject
Project("{9A19103F-16F7-4668-BE54-9A1E7A4F7556}") = "Basket.Domain", "Basket.Domain\Basket.Domain.csproj", "{68849BC3-8556-475A-BE5B-E03CE708B872}"
EndProject
Project("{9A19103F-16F7-4668-BE54-9A1E7A4F7556}") = "Basket.Infrastructure", "Basket.Infrastructure\Basket.Infrastructure.csproj", "{63F5B2DD-7680-4CB2-AA84-28C5C4265B05}"
EndProject
Project("{2150E333-8FDC-42A3-9474-1A3956D46DE8}") = "Discount", "Discount", "{47FDE35F-867A-4B46-8135-DD1A89DF25DF}"
EndProject
Project("{9A19103F-16F7-4668-BE54-9A1E7A4F7556}") = "Discount.API", "Discount.API\Discount.API.csproj", "{27F7903B-41C9-457F-B1CA-65A612988374}"
EndProject
Project("{9A19103F-16F7-4668-BE54-9A1E7A4F7556}") = "Discount.Application", "Discount.Application\Discount.Application.csproj", "{F1DD9ED6-7AE0-4A7A-8139-63F87F2968A5}"
EndProject
Project("{9A19103F-16F7-4668-BE54-9A1E7A4F7556}") = "Discount.Domain", "Discount.Domain\Discount.Domain.csproj", "{2AF0F4F3-E4FB-4CBF-A758-FDE43EDF5FF4}"
EndProject
Project("{9A19103F-16F7-4668-BE54-9A1E7A4F7556}") = "Discount.Infrastructure", "Discount.Infrastructure\Discount.Infrastructure.csproj", "{FB076275-736C-4715-BE1B-98887B7045B7}"
EndProject
Project("{9A19103F-16F7-4668-BE54-9A1E7A4F7556}") = "Discount.Gprc", "Discount.Gprc\Discount.Gprc.csproj", "{21B6CF72-196F-447D-85DE-3F6FD296DFBC}"
EndProject
Project("{2150E333-8FDC-42A3-9474-1A3956D46DE8}") = "Ordering", "Ordering", "{7ABE107F-1F7C-4C3C-96A3-6AED92348ACB}"
EndProject
Project("{9A19103F-16F7-4668-BE54-9A1E7A4F7556}") = "Ordering.API", "Ordering.API\Ordering.API.csproj", "{7BA3545B-E073-46F2-9F78-2D7725025B92}"
EndProject
Project("{9A19103F-16F7-4668-BE54-9A1E7A4F7556}") = "Ordering.Application", "Ordering.Application\Ordering.Application.csproj", "{D5C1B1F3-E5E7-43A7-B1C6-B9804FD91D25}"
EndProject
Project("{9A19103F-16F7-4668-BE54-9A1E7A4F7556}") = "Ordering.Domain", "Ordering.Domain\Ordering.Domain.csproj", "{CD2B20E5-D0A1-4A29-9796-542CD6C843BF}"
EndProject
Project("{9A19103F-16F7-4668-BE54-9A1E7A4F7556}") = "Ordering.Infrastructure", "Ordering.Infrastructure\Ordering.Infrastructure.csproj", "{35422C43-E9EA-4FE4-A46A-B44F232576F9}"
EndProject
Project("{2150E333-8FDC-42A3-9474-1A3956D46DE8}") = "BuildingBlocks", "BuildingBlocks", "{E8CFC6C3-3AAF-4914-AE4E-9E754BA2BCC3}"
EndProject
Project("{9A19103F-16F7-4668-BE54-9A1E7A4F7556}") = "EventBus.Messages", "EventBus.Messages\EventBus.Messages.csproj", "{6927DF50-9713-42D8-9685-09322B31C22B}"
EndProject
Project("{2150E333-8FDC-42A3-9474-1A3956D46DE8}") = "ApiGateways", "ApiGateways", "{50B3FAEA-F85A-422E-812A-9814532D22D9}"
EndProject
Project("{9A19103F-16F7-4668-BE54-9A1E7A4F7556}") = "OcelotApiGw", "OcelotApiGw\OcelotApiGw.csproj", "{C1ECD340-5857-4757-87A1-62A80C8EA192}"
EndProject
Project("{FAE04EC0-301F-11D3-BF4B-00C04F79EFBC}") = "Shopping.Aggregator", "Shopping.Aggregator\Shopping.Aggregator.csproj", "{79E8DA5F-5B7C-4C97-A348-F446211929FE}"
EndProject
Global
	GlobalSection(SolutionConfigurationPlatforms) = preSolution
		Debug|Any CPU = Debug|Any CPU
		Release|Any CPU = Release|Any CPU
	EndGlobalSection
	GlobalSection(ProjectConfigurationPlatforms) = postSolution
		{F22F4D14-3D62-426E-9ABA-82293FD8B391}.Debug|Any CPU.ActiveCfg = Debug|Any CPU
		{F22F4D14-3D62-426E-9ABA-82293FD8B391}.Debug|Any CPU.Build.0 = Debug|Any CPU
		{F22F4D14-3D62-426E-9ABA-82293FD8B391}.Release|Any CPU.ActiveCfg = Release|Any CPU
		{F22F4D14-3D62-426E-9ABA-82293FD8B391}.Release|Any CPU.Build.0 = Release|Any CPU
		{CD6AFF68-3489-4E8C-8F3F-BDB8798D71DE}.Debug|Any CPU.ActiveCfg = Debug|Any CPU
		{CD6AFF68-3489-4E8C-8F3F-BDB8798D71DE}.Debug|Any CPU.Build.0 = Debug|Any CPU
		{CD6AFF68-3489-4E8C-8F3F-BDB8798D71DE}.Release|Any CPU.ActiveCfg = Release|Any CPU
		{CD6AFF68-3489-4E8C-8F3F-BDB8798D71DE}.Release|Any CPU.Build.0 = Release|Any CPU
		{B0E005E3-936E-474B-BD7D-E8A428A97C56}.Debug|Any CPU.ActiveCfg = Debug|Any CPU
		{B0E005E3-936E-474B-BD7D-E8A428A97C56}.Debug|Any CPU.Build.0 = Debug|Any CPU
		{B0E005E3-936E-474B-BD7D-E8A428A97C56}.Release|Any CPU.ActiveCfg = Release|Any CPU
		{B0E005E3-936E-474B-BD7D-E8A428A97C56}.Release|Any CPU.Build.0 = Release|Any CPU
		{6066357F-A470-4F9B-8A76-BD1BD50B1708}.Debug|Any CPU.ActiveCfg = Debug|Any CPU
		{6066357F-A470-4F9B-8A76-BD1BD50B1708}.Debug|Any CPU.Build.0 = Debug|Any CPU
		{6066357F-A470-4F9B-8A76-BD1BD50B1708}.Release|Any CPU.ActiveCfg = Release|Any CPU
		{6066357F-A470-4F9B-8A76-BD1BD50B1708}.Release|Any CPU.Build.0 = Release|Any CPU
		{F3767703-FB60-4C09-83E0-C5124390A97D}.Debug|Any CPU.ActiveCfg = Debug|Any CPU
		{F3767703-FB60-4C09-83E0-C5124390A97D}.Debug|Any CPU.Build.0 = Debug|Any CPU
		{F3767703-FB60-4C09-83E0-C5124390A97D}.Release|Any CPU.ActiveCfg = Release|Any CPU
		{F3767703-FB60-4C09-83E0-C5124390A97D}.Release|Any CPU.Build.0 = Release|Any CPU
		{875924E3-0CB6-46CD-861B-65E2CA616AF0}.Debug|Any CPU.ActiveCfg = Debug|Any CPU
		{875924E3-0CB6-46CD-861B-65E2CA616AF0}.Debug|Any CPU.Build.0 = Debug|Any CPU
		{875924E3-0CB6-46CD-861B-65E2CA616AF0}.Release|Any CPU.ActiveCfg = Release|Any CPU
		{875924E3-0CB6-46CD-861B-65E2CA616AF0}.Release|Any CPU.Build.0 = Release|Any CPU
		{F5544771-5F6B-4259-BF54-8AA59BD19F9E}.Debug|Any CPU.ActiveCfg = Debug|Any CPU
		{F5544771-5F6B-4259-BF54-8AA59BD19F9E}.Debug|Any CPU.Build.0 = Debug|Any CPU
		{F5544771-5F6B-4259-BF54-8AA59BD19F9E}.Release|Any CPU.ActiveCfg = Release|Any CPU
		{F5544771-5F6B-4259-BF54-8AA59BD19F9E}.Release|Any CPU.Build.0 = Release|Any CPU
		{68849BC3-8556-475A-BE5B-E03CE708B872}.Debug|Any CPU.ActiveCfg = Debug|Any CPU
		{68849BC3-8556-475A-BE5B-E03CE708B872}.Debug|Any CPU.Build.0 = Debug|Any CPU
		{68849BC3-8556-475A-BE5B-E03CE708B872}.Release|Any CPU.ActiveCfg = Release|Any CPU
		{68849BC3-8556-475A-BE5B-E03CE708B872}.Release|Any CPU.Build.0 = Release|Any CPU
		{63F5B2DD-7680-4CB2-AA84-28C5C4265B05}.Debug|Any CPU.ActiveCfg = Debug|Any CPU
		{63F5B2DD-7680-4CB2-AA84-28C5C4265B05}.Debug|Any CPU.Build.0 = Debug|Any CPU
		{63F5B2DD-7680-4CB2-AA84-28C5C4265B05}.Release|Any CPU.ActiveCfg = Release|Any CPU
		{63F5B2DD-7680-4CB2-AA84-28C5C4265B05}.Release|Any CPU.Build.0 = Release|Any CPU
		{27F7903B-41C9-457F-B1CA-65A612988374}.Debug|Any CPU.ActiveCfg = Debug|Any CPU
		{27F7903B-41C9-457F-B1CA-65A612988374}.Debug|Any CPU.Build.0 = Debug|Any CPU
		{27F7903B-41C9-457F-B1CA-65A612988374}.Release|Any CPU.ActiveCfg = Release|Any CPU
		{27F7903B-41C9-457F-B1CA-65A612988374}.Release|Any CPU.Build.0 = Release|Any CPU
		{F1DD9ED6-7AE0-4A7A-8139-63F87F2968A5}.Debug|Any CPU.ActiveCfg = Debug|Any CPU
		{F1DD9ED6-7AE0-4A7A-8139-63F87F2968A5}.Debug|Any CPU.Build.0 = Debug|Any CPU
		{F1DD9ED6-7AE0-4A7A-8139-63F87F2968A5}.Release|Any CPU.ActiveCfg = Release|Any CPU
		{F1DD9ED6-7AE0-4A7A-8139-63F87F2968A5}.Release|Any CPU.Build.0 = Release|Any CPU
		{2AF0F4F3-E4FB-4CBF-A758-FDE43EDF5FF4}.Debug|Any CPU.ActiveCfg = Debug|Any CPU
		{2AF0F4F3-E4FB-4CBF-A758-FDE43EDF5FF4}.Debug|Any CPU.Build.0 = Debug|Any CPU
		{2AF0F4F3-E4FB-4CBF-A758-FDE43EDF5FF4}.Release|Any CPU.ActiveCfg = Release|Any CPU
		{2AF0F4F3-E4FB-4CBF-A758-FDE43EDF5FF4}.Release|Any CPU.Build.0 = Release|Any CPU
		{FB076275-736C-4715-BE1B-98887B7045B7}.Debug|Any CPU.ActiveCfg = Debug|Any CPU
		{FB076275-736C-4715-BE1B-98887B7045B7}.Debug|Any CPU.Build.0 = Debug|Any CPU
		{FB076275-736C-4715-BE1B-98887B7045B7}.Release|Any CPU.ActiveCfg = Release|Any CPU
		{FB076275-736C-4715-BE1B-98887B7045B7}.Release|Any CPU.Build.0 = Release|Any CPU
		{21B6CF72-196F-447D-85DE-3F6FD296DFBC}.Debug|Any CPU.ActiveCfg = Debug|Any CPU
		{21B6CF72-196F-447D-85DE-3F6FD296DFBC}.Debug|Any CPU.Build.0 = Debug|Any CPU
		{21B6CF72-196F-447D-85DE-3F6FD296DFBC}.Release|Any CPU.ActiveCfg = Release|Any CPU
		{21B6CF72-196F-447D-85DE-3F6FD296DFBC}.Release|Any CPU.Build.0 = Release|Any CPU
		{7BA3545B-E073-46F2-9F78-2D7725025B92}.Debug|Any CPU.ActiveCfg = Debug|Any CPU
		{7BA3545B-E073-46F2-9F78-2D7725025B92}.Debug|Any CPU.Build.0 = Debug|Any CPU
		{7BA3545B-E073-46F2-9F78-2D7725025B92}.Release|Any CPU.ActiveCfg = Release|Any CPU
		{7BA3545B-E073-46F2-9F78-2D7725025B92}.Release|Any CPU.Build.0 = Release|Any CPU
		{D5C1B1F3-E5E7-43A7-B1C6-B9804FD91D25}.Debug|Any CPU.ActiveCfg = Debug|Any CPU
		{D5C1B1F3-E5E7-43A7-B1C6-B9804FD91D25}.Debug|Any CPU.Build.0 = Debug|Any CPU
		{D5C1B1F3-E5E7-43A7-B1C6-B9804FD91D25}.Release|Any CPU.ActiveCfg = Release|Any CPU
		{D5C1B1F3-E5E7-43A7-B1C6-B9804FD91D25}.Release|Any CPU.Build.0 = Release|Any CPU
		{CD2B20E5-D0A1-4A29-9796-542CD6C843BF}.Debug|Any CPU.ActiveCfg = Debug|Any CPU
		{CD2B20E5-D0A1-4A29-9796-542CD6C843BF}.Debug|Any CPU.Build.0 = Debug|Any CPU
		{CD2B20E5-D0A1-4A29-9796-542CD6C843BF}.Release|Any CPU.ActiveCfg = Release|Any CPU
		{CD2B20E5-D0A1-4A29-9796-542CD6C843BF}.Release|Any CPU.Build.0 = Release|Any CPU
		{35422C43-E9EA-4FE4-A46A-B44F232576F9}.Debug|Any CPU.ActiveCfg = Debug|Any CPU
		{35422C43-E9EA-4FE4-A46A-B44F232576F9}.Debug|Any CPU.Build.0 = Debug|Any CPU
		{35422C43-E9EA-4FE4-A46A-B44F232576F9}.Release|Any CPU.ActiveCfg = Release|Any CPU
		{35422C43-E9EA-4FE4-A46A-B44F232576F9}.Release|Any CPU.Build.0 = Release|Any CPU
		{6927DF50-9713-42D8-9685-09322B31C22B}.Debug|Any CPU.ActiveCfg = Debug|Any CPU
		{6927DF50-9713-42D8-9685-09322B31C22B}.Debug|Any CPU.Build.0 = Debug|Any CPU
		{6927DF50-9713-42D8-9685-09322B31C22B}.Release|Any CPU.ActiveCfg = Release|Any CPU
		{6927DF50-9713-42D8-9685-09322B31C22B}.Release|Any CPU.Build.0 = Release|Any CPU
		{C1ECD340-5857-4757-87A1-62A80C8EA192}.Debug|Any CPU.ActiveCfg = Debug|Any CPU
		{C1ECD340-5857-4757-87A1-62A80C8EA192}.Debug|Any CPU.Build.0 = Debug|Any CPU
		{C1ECD340-5857-4757-87A1-62A80C8EA192}.Release|Any CPU.ActiveCfg = Release|Any CPU
		{C1ECD340-5857-4757-87A1-62A80C8EA192}.Release|Any CPU.Build.0 = Release|Any CPU
		{79E8DA5F-5B7C-4C97-A348-F446211929FE}.Debug|Any CPU.ActiveCfg = Debug|Any CPU
		{79E8DA5F-5B7C-4C97-A348-F446211929FE}.Debug|Any CPU.Build.0 = Debug|Any CPU
		{79E8DA5F-5B7C-4C97-A348-F446211929FE}.Release|Any CPU.ActiveCfg = Release|Any CPU
		{79E8DA5F-5B7C-4C97-A348-F446211929FE}.Release|Any CPU.Build.0 = Release|Any CPU
	EndGlobalSection
	GlobalSection(SolutionProperties) = preSolution
		HideSolutionNode = FALSE
	EndGlobalSection
	GlobalSection(NestedProjects) = preSolution
		{D327CE1A-6F4F-4B6A-BF22-F933B907CE8A} = {933C68DC-BC3B-48EA-B158-300839B6684F}
		{F22F4D14-3D62-426E-9ABA-82293FD8B391} = {D327CE1A-6F4F-4B6A-BF22-F933B907CE8A}
		{CD6AFF68-3489-4E8C-8F3F-BDB8798D71DE} = {D327CE1A-6F4F-4B6A-BF22-F933B907CE8A}
		{B0E005E3-936E-474B-BD7D-E8A428A97C56} = {D327CE1A-6F4F-4B6A-BF22-F933B907CE8A}
		{6066357F-A470-4F9B-8A76-BD1BD50B1708} = {D327CE1A-6F4F-4B6A-BF22-F933B907CE8A}
		{6F9BF3C8-E937-4B57-861A-05682DB35EB4} = {933C68DC-BC3B-48EA-B158-300839B6684F}
		{875924E3-0CB6-46CD-861B-65E2CA616AF0} = {6F9BF3C8-E937-4B57-861A-05682DB35EB4}
		{F5544771-5F6B-4259-BF54-8AA59BD19F9E} = {6F9BF3C8-E937-4B57-861A-05682DB35EB4}
		{68849BC3-8556-475A-BE5B-E03CE708B872} = {6F9BF3C8-E937-4B57-861A-05682DB35EB4}
		{63F5B2DD-7680-4CB2-AA84-28C5C4265B05} = {6F9BF3C8-E937-4B57-861A-05682DB35EB4}
		{47FDE35F-867A-4B46-8135-DD1A89DF25DF} = {933C68DC-BC3B-48EA-B158-300839B6684F}
		{27F7903B-41C9-457F-B1CA-65A612988374} = {47FDE35F-867A-4B46-8135-DD1A89DF25DF}
		{F1DD9ED6-7AE0-4A7A-8139-63F87F2968A5} = {47FDE35F-867A-4B46-8135-DD1A89DF25DF}
		{2AF0F4F3-E4FB-4CBF-A758-FDE43EDF5FF4} = {47FDE35F-867A-4B46-8135-DD1A89DF25DF}
		{FB076275-736C-4715-BE1B-98887B7045B7} = {47FDE35F-867A-4B46-8135-DD1A89DF25DF}
		{21B6CF72-196F-447D-85DE-3F6FD296DFBC} = {47FDE35F-867A-4B46-8135-DD1A89DF25DF}
		{7ABE107F-1F7C-4C3C-96A3-6AED92348ACB} = {933C68DC-BC3B-48EA-B158-300839B6684F}
		{7BA3545B-E073-46F2-9F78-2D7725025B92} = {7ABE107F-1F7C-4C3C-96A3-6AED92348ACB}
		{D5C1B1F3-E5E7-43A7-B1C6-B9804FD91D25} = {7ABE107F-1F7C-4C3C-96A3-6AED92348ACB}
		{CD2B20E5-D0A1-4A29-9796-542CD6C843BF} = {7ABE107F-1F7C-4C3C-96A3-6AED92348ACB}
		{35422C43-E9EA-4FE4-A46A-B44F232576F9} = {7ABE107F-1F7C-4C3C-96A3-6AED92348ACB}
		{6927DF50-9713-42D8-9685-09322B31C22B} = {E8CFC6C3-3AAF-4914-AE4E-9E754BA2BCC3}
		{C1ECD340-5857-4757-87A1-62A80C8EA192} = {50B3FAEA-F85A-422E-812A-9814532D22D9}
		{79E8DA5F-5B7C-4C97-A348-F446211929FE} = {50B3FAEA-F85A-422E-812A-9814532D22D9}
	EndGlobalSection
	GlobalSection(ExtensibilityGlobals) = postSolution
		SolutionGuid = {E895A02E-2A2A-4D7D-8B1F-34C544F317E0}
	EndGlobalSection
EndGlobal
